# This file is automatically @generated by Cargo.
# It is not intended for manual editing.
version = 3

[[package]]
name = "far-memory"
version = "0.1.0"
dependencies = [
 "fuzzyhash",
]

[[package]]
name = "fuzzyhash"
version = "0.2.1"
source = "registry+https://github.com/rust-lang/crates.io-index"
checksum = "8fb6c4351f4f134772edf9bcd17de13b7fbcb2c56928b440d6823bd4dc9ebd80"
